
Microsoft Visual Studio Solution File, Format Version 12.00
# Visual Studio Version 17
VisualStudioVersion = 17.4.33205.214
MinimumVisualStudioVersion = 10.0.40219.1
Project("{FAE04EC0-301F-11D3-BF4B-00C04F79EFBC}") = "Session-10", "Session-10\Session-10.csproj", "{B059195B-7FEF-4A9A-B8BC-E61861107F68}"
EndProject
Project("{FAE04EC0-301F-11D3-BF4B-00C04F79EFBC}") = "Lib", "Lib\Lib.csproj", "{290CEBD3-D673-4673-8136-0F7174B560AB}"
EndProject
Global
	GlobalSection(SolutionConfigurationPlatforms) = preSolution
		Debug|Any CPU = Debug|Any CPU
		Release|Any CPU = Release|Any CPU
	EndGlobalSection
	GlobalSection(ProjectConfigurationPlatforms) = postSolution
		{B059195B-7FEF-4A9A-B8BC-E61861107F68}.Debug|Any CPU.ActiveCfg = Debug|Any CPU
		{B059195B-7FEF-4A9A-B8BC-E61861107F68}.Debug|Any CPU.Build.0 = Debug|Any CPU
		{B059195B-7FEF-4A9A-B8BC-E61861107F68}.Release|Any CPU.ActiveCfg = Release|Any CPU
		{B059195B-7FEF-4A9A-B8BC-E61861107F68}.Release|Any CPU.Build.0 = Release|Any CPU
		{290CEBD3-D673-4673-8136-0F7174B560AB}.Debug|Any CPU.ActiveCfg = Debug|Any CPU
		{290CEBD3-D673-4673-8136-0F7174B560AB}.Debug|Any CPU.Build.0 = Debug|Any CPU
		{290CEBD3-D673-4673-8136-0F7174B560AB}.Release|Any CPU.ActiveCfg = Release|Any CPU
		{290CEBD3-D673-4673-8136-0F7174B560AB}.Release|Any CPU.Build.0 = Release|Any CPU
	EndGlobalSection
	GlobalSection(SolutionProperties) = preSolution
		HideSolutionNode = FALSE
	EndGlobalSection
	GlobalSection(ExtensibilityGlobals) = postSolution
		SolutionGuid = {DDCAFDA7-CEC7-49A6-817A-B2E4B29F6596}
	EndGlobalSection
EndGlobal
